
Microsoft Visual Studio Solution File, Format Version 12.00
# Visual Studio Version 17
VisualStudioVersion = 17.3.32929.385
MinimumVisualStudioVersion = 10.0.40219.1
Project("{FAE04EC0-301F-11D3-BF4B-00C04F79EFBC}") = "Tower-of-Hanoi-Iterative", "Tower-of-Hanoi-Iterative\Tower-of-Hanoi-Iterative.csproj", "{881C785B-AFB5-4A39-916F-823064147C2D}"
EndProject
Global
	GlobalSection(SolutionConfigurationPlatforms) = preSolution
		Debug|Any CPU = Debug|Any CPU
		Release|Any CPU = Release|Any CPU
	EndGlobalSection
	GlobalSection(ProjectConfigurationPlatforms) = postSolution
		{881C785B-AFB5-4A39-916F-823064147C2D}.Debug|Any CPU.ActiveCfg = Debug|Any CPU
		{881C785B-AFB5-4A39-916F-823064147C2D}.Debug|Any CPU.Build.0 = Debug|Any CPU
		{881C785B-AFB5-4A39-916F-823064147C2D}.Release|Any CPU.ActiveCfg = Release|Any CPU
		{881C785B-AFB5-4A39-916F-823064147C2D}.Release|Any CPU.Build.0 = Release|Any CPU
	EndGlobalSection
	GlobalSection(SolutionProperties) = preSolution
		HideSolutionNode = FALSE
	EndGlobalSection
	GlobalSection(ExtensibilityGlobals) = postSolution
		SolutionGuid = {3BFB148B-5A3F-4DB5-B499-01E03D695B43}
	EndGlobalSection
EndGlobal
